// !$*UTF8*$!
{
	archiveVersion = 1;
	classes = {
	};
	objectVersion = 48;
	objects = {

/* Begin PBXBuildFile section */
		688A225A1FB9E2800055401C /* AppDelegate.swift in Sources */ = {isa = PBXBuildFile; fileRef = 688A22591FB9E2800055401C /* AppDelegate.swift */; };
		688A225C1FB9E2800055401C /* ViewController.swift in Sources */ = {isa = PBXBuildFile; fileRef = 688A225B1FB9E2800055401C /* ViewController.swift */; };
		688A225F1FB9E2800055401C /* Main.storyboard in Resources */ = {isa = PBXBuildFile; fileRef = 688A225D1FB9E2800055401C /* Main.storyboard */; };
		688A22621FB9E2800055401C /* BookCollector.xcdatamodeld in Sources */ = {isa = PBXBuildFile; fileRef = 688A22601FB9E2800055401C /* BookCollector.xcdatamodeld */; };
		688A22641FB9E2800055401C /* Assets.xcassets in Resources */ = {isa = PBXBuildFile; fileRef = 688A22631FB9E2800055401C /* Assets.xcassets */; };
		688A22671FB9E2800055401C /* LaunchScreen.storyboard in Resources */ = {isa = PBXBuildFile; fileRef = 688A22651FB9E2800055401C /* LaunchScreen.storyboard */; };
		688A226F1FB9EA060055401C /* book.jpeg in Resources */ = {isa = PBXBuildFile; fileRef = 688A226E1FB9EA060055401C /* book.jpeg */; };
		688A22711FB9EBFD0055401C /* BookViewController.swift in Sources */ = {isa = PBXBuildFile; fileRef = 688A22701FB9EBFD0055401C /* BookViewController.swift */; };
/* End PBXBuildFile section */

/* Begin PBXFileReference section */
		688A22561FB9E2800055401C /* BookCollector.app */ = {isa = PBXFileReference; explicitFileType = wrapper.application; includeInIndex = 0; path = BookCollector.app; sourceTree = BUILT_PRODUCTS_DIR; };
		688A22591FB9E2800055401C /* AppDelegate.swift */ = {isa = PBXFileReference; lastKnownFileType = sourcecode.swift; path = AppDelegate.swift; sourceTree = "<group>"; };
		688A225B1FB9E2800055401C /* ViewController.swift */ = {isa = PBXFileReference; lastKnownFileType = sourcecode.swift; path = ViewController.swift; sourceTree = "<group>"; };
		688A225E1FB9E2800055401C /* Base */ = {isa = PBXFileReference; lastKnownFileType = file.storyboard; name = Base; path = Base.lproj/Main.storyboard; sourceTree = "<group>"; };
		688A22611FB9E2800055401C /* BookCollector.xcdatamodel */ = {isa = PBXFileReference; lastKnownFileType = wrapper.xcdatamodel; path = BookCollector.xcdatamodel; sourceTree = "<group>"; };
		688A22631FB9E2800055401C /* Assets.xcassets */ = {isa = PBXFileReference; lastKnownFileType = folder.assetcatalog; path = Assets.xcassets; sourceTree = "<group>"; };
		688A22661FB9E2800055401C /* Base */ = {isa = PBXFileReference; lastKnownFileType = file.storyboard; name = Base; path = Base.lproj/LaunchScreen.storyboard; sourceTree = "<group>"; };
		688A22681FB9E2800055401C /* Info.plist */ = {isa = PBXFileReference; lastKnownFileType = text.plist.xml; path = Info.plist; sourceTree = "<group>"; };
		688A226E1FB9EA060055401C /* book.jpeg */ = {isa = PBXFileReference; lastKnownFileType = image.jpeg; path = book.jpeg; sourceTree = "<group>"; };
		688A22701FB9EBFD0055401C /* BookViewController.swift */ = {isa = PBXFileReference; lastKnownFileType = sourcecode.swift; path = BookViewController.swift; sourceTree = "<group>"; };
/* End PBXFileReference section */

/* Begin PBXFrameworksBuildPhase section */
		688A22531FB9E2800055401C /* Frameworks */ = {
			isa = PBXFrameworksBuildPhase;
			buildActionMask = 2147483647;
			files = (
			);
			runOnlyForDeploymentPostprocessing = 0;
		};
/* End PBXFrameworksBuildPhase section */

/* Begin PBXGroup section */
		688A224D1FB9E2800055401C = {
			isa = PBXGroup;
			children = (
				688A22581FB9E2800055401C /* BookCollector */,
				688A22571FB9E2800055401C /* Products */,
			);
			sourceTree = "<group>";
		};
		688A22571FB9E2800055401C /* Products */ = {
			isa = PBXGroup;
			children = (
				688A22561FB9E2800055401C /* BookCollector.app */,
			);
			name = Products;
			sourceTree = "<group>";
		};
		688A22581FB9E2800055401C /* BookCollector */ = {
			isa = PBXGroup;
			children = (
				688A226E1FB9EA060055401C /* book.jpeg */,
				688A22591FB9E2800055401C /* AppDelegate.swift */,
				688A225B1FB9E2800055401C /* ViewController.swift */,
				688A22701FB9EBFD0055401C /* BookViewController.swift */,
				688A225D1FB9E2800055401C /* Main.storyboard */,
				688A22631FB9E2800055401C /* Assets.xcassets */,
				688A22651FB9E2800055401C /* LaunchScreen.storyboard */,
				688A22681FB9E2800055401C /* Info.plist */,
				688A22601FB9E2800055401C /* BookCollector.xcdatamodeld */,
			);
			path = BookCollector;
			sourceTree = "<group>";
		};
/* End PBXGroup section */

/* Begin PBXNativeTarget section */
		688A22551FB9E2800055401C /* BookCollector */ = {
			isa = PBXNativeTarget;
			buildConfigurationList = 688A226B1FB9E2800055401C /* Build configuration list for PBXNativeTarget "BookCollector" */;
			buildPhases = (
				688A22521FB9E2800055401C /* Sources */,
				688A22531FB9E2800055401C /* Frameworks */,
				688A22541FB9E2800055401C /* Resources */,
			);
			buildRules = (
			);
			dependencies = (
			);
			name = BookCollector;
			productName = BookCollector;
			productReference = 688A22561FB9E2800055401C /* BookCollector.app */;
			productType = "com.apple.product-type.application";
		};
/* End PBXNativeTarget section */

/* Begin PBXProject section */
		688A224E1FB9E2800055401C /* Project object */ = {
			isa = PBXProject;
			attributes = {
				LastSwiftUpdateCheck = 0910;
				LastUpgradeCheck = 0910;
				ORGANIZATIONNAME = "Radoslav Hlinka";
				TargetAttributes = {
					688A22551FB9E2800055401C = {
						CreatedOnToolsVersion = 9.1;
						ProvisioningStyle = Automatic;
					};
				};
			};
			buildConfigurationList = 688A22511FB9E2800055401C /* Build configuration list for PBXProject "BookCollector" */;
			compatibilityVersion = "Xcode 8.0";
			developmentRegion = en;
			hasScannedForEncodings = 0;
			knownRegions = (
				en,
				Base,
			);
			mainGroup = 688A224D1FB9E2800055401C;
			productRefGroup = 688A22571FB9E2800055401C /* Products */;
			projectDirPath = "";
			projectRoot = "";
			targets = (
				688A22551FB9E2800055401C /* BookCollector */,
			);
		};
/* End PBXProject section */

/* Begin PBXResourcesBuildPhase section */
		688A22541FB9E2800055401C /* Resources */ = {
			isa = PBXResourcesBuildPhase;
			buildActionMask = 2147483647;
			files = (
				688A226F1FB9EA060055401C /* book.jpeg in Resources */,
				688A22671FB9E2800055401C /* LaunchScreen.storyboard in Resources */,
				688A22641FB9E2800055401C /* Assets.xcassets in Resources */,
				688A225F1FB9E2800055401C /* Main.storyboard in Resources */,
			);
			runOnlyForDeploymentPostprocessing = 0;
		};
/* End PBXResourcesBuildPhase section */

/* Begin PBXSourcesBuildPhase section */
		688A22521FB9E2800055401C /* Sources */ = {
			isa = PBXSourcesBuildPhase;
			buildActionMask = 2147483647;
			files = (
				688A225C1FB9E2800055401C /* ViewController.swift in Sources */,
				688A22711FB9EBFD0055401C /* BookViewController.swift in Sources */,
				688A225A1FB9E2800055401C /* AppDelegate.swift in Sources */,
				688A22621FB9E2800055401C /* BookCollector.xcdatamodeld in Sources */,
			);
			runOnlyForDeploymentPostprocessing = 0;
		};
/* End PBXSourcesBuildPhase section */

/* Begin PBXVariantGroup section */
		688A225D1FB9E2800055401C /* Main.storyboard */ = {
			isa = PBXVariantGroup;
			children = (
				688A225E1FB9E2800055401C /* Base */,
			);
			name = Main.storyboard;
			sourceTree = "<group>";
		};
		688A22651FB9E2800055401C /* LaunchScreen.storyboard */ = {
			isa = PBXVariantGroup;
			children = (
				688A22661FB9E2800055401C /* Base */,
			);
			name = LaunchScreen.storyboard;
			sourceTree = "<group>";
		};
/* End PBXVariantGroup section */

/* Begin XCBuildConfiguration section */
		688A22691FB9E2800055401C /* Debug */ = {
			isa = XCBuildConfiguration;
			buildSettings = {
				ALWAYS_SEARCH_USER_PATHS = NO;
				CLANG_ANALYZER_NONNULL = YES;
				CLANG_ANALYZER_NUMBER_OBJECT_CONVERSION = YES_AGGRESSIVE;
				CLANG_CXX_LANGUAGE_STANDARD = "gnu++14";
				CLANG_CXX_LIBRARY = "libc++";
				CLANG_ENABLE_MODULES = YES;
				CLANG_ENABLE_OBJC_ARC = YES;
				CLANG_WARN_BLOCK_CAPTURE_AUTORELEASING = YES;
				CLANG_WARN_BOOL_CONVERSION = YES;
				CLANG_WARN_COMMA = YES;
				CLANG_WARN_CONSTANT_CONVERSION = YES;
				CLANG_WARN_DIRECT_OBJC_ISA_USAGE = YES_ERROR;
				CLANG_WARN_DOCUMENTATION_COMMENTS = YES;
				CLANG_WARN_EMPTY_BODY = YES;
				CLANG_WARN_ENUM_CONVERSION = YES;
				CLANG_WARN_INFINITE_RECURSION = YES;
				CLANG_WARN_INT_CONVERSION = YES;
				CLANG_WARN_NON_LITERAL_NULL_CONVERSION = YES;
				CLANG_WARN_OBJC_LITERAL_CONVERSION = YES;
				CLANG_WARN_OBJC_ROOT_CLASS = YES_ERROR;
				CLANG_WARN_RANGE_LOOP_ANALYSIS = YES;
				CLANG_WARN_STRICT_PROTOTYPES = YES;
				CLANG_WARN_SUSPICIOUS_MOVE = YES;
				CLANG_WARN_UNGUARDED_AVAILABILITY = YES_AGGRESSIVE;
				CLANG_WARN_UNREACHABLE_CODE = YES;
				CLANG_WARN__DUPLICATE_METHOD_MATCH = YES;
				CODE_SIGN_IDENTITY = "iPhone Developer";
				COPY_PHASE_STRIP = NO;
				DEBUG_INFORMATION_FORMAT = dwarf;
				ENABLE_STRICT_OBJC_MSGSEND = YES;
				ENABLE_TESTABILITY = YES;
				GCC_C_LANGUAGE_STANDARD = gnu11;
				GCC_DYNAMIC_NO_PIC = NO;
				GCC_NO_COMMON_BLOCKS = YES;
				GCC_OPTIMIZATION_LEVEL = 0;
				GCC_PREPROCESSOR_DEFINITIONS = (
					"DEBUG=1",
					"$(inherited)",
				);
				GCC_WARN_64_TO_32_BIT_CONVERSION = YES;
				GCC_WARN_ABOUT_RETURN_TYPE = YES_ERROR;
				GCC_WARN_UNDECLARED_SELECTOR = YES;
				GCC_WARN_UNINITIALIZED_AUTOS = YES_AGGRESSIVE;
				GCC_WARN_UNUSED_FUNCTION = YES;
				GCC_WARN_UNUSED_VARIABLE = YES;
				IPHONEOS_DEPLOYMENT_TARGET = 11.1;
				MTL_ENABLE_DEBUG_INFO = YES;
				ONLY_ACTIVE_ARCH = YES;
				SDKROOT = iphoneos;
				SWIFT_ACTIVE_COMPILATION_CONDITIONS = DEBUG;
				SWIFT_OPTIMIZATION_LEVEL = "-Onone";
			};
			name = Debug;
		};
		688A226A1FB9E2800055401C /* Release */ = {
			isa = XCBuildConfiguration;
			buildSettings = {
				ALWAYS_SEARCH_USER_PATHS = NO;
				CLANG_ANALYZER_NONNULL = YES;
				CLANG_ANALYZER_NUMBER_OBJECT_CONVERSION = YES_AGGRESSIVE;
				CLANG_CXX_LANGUAGE_STANDARD = "gnu++14";
				CLANG_CXX_LIBRARY = "libc++";
				CLANG_ENABLE_MODULES = YES;
				CLANG_ENABLE_OBJC_ARC = YES;
				CLANG_WARN_BLOCK_CAPTURE_AUTORELEASING = YES;
				CLANG_WARN_BOOL_CONVERSION = YES;
				CLANG_WARN_COMMA = YES;
				CLANG_WARN_CONSTANT_CONVERSION = YES;
				CLANG_WARN_DIRECT_OBJC_ISA_USAGE = YES_ERROR;
				CLANG_WARN_DOCUMENTATION_COMMENTS = YES;
				CLANG_WARN_EMPTY_BODY = YES;
				CLANG_WARN_ENUM_CONVERSION = YES;
				CLANG_WARN_INFINITE_RECURSION = YES;
				CLANG_WARN_INT_CONVERSION = YES;
				CLANG_WARN_NON_LITERAL_NULL_CONVERSION = YES;
				CLANG_WARN_OBJC_LITERAL_CONVERSION = YES;
				CLANG_WARN_OBJC_ROOT_CLASS = YES_ERROR;
				CLANG_WARN_RANGE_LOOP_ANALYSIS = YES;
				CLANG_WARN_STRICT_PROTOTYPES = YES;
				CLANG_WARN_SUSPICIOUS_MOVE = YES;
				CLANG_WARN_UNGUARDED_AVAILABILITY = YES_AGGRESSIVE;
				CLANG_WARN_UNREACHABLE_CODE = YES;
				CLANG_WARN__DUPLICATE_METHOD_MATCH = YES;
				CODE_SIGN_IDENTITY = "iPhone Developer";
				COPY_PHASE_STRIP = NO;
				DEBUG_INFORMATION_FORMAT = "dwarf-with-dsym";
				ENABLE_NS_ASSERTIONS = NO;
				ENABLE_STRICT_OBJC_MSGSEND = YES;
				GCC_C_LANGUAGE_STANDARD = gnu11;
				GCC_NO_COMMON_BLOCKS = YES;
				GCC_WARN_64_TO_32_BIT_CONVERSION = YES;
				GCC_WARN_ABOUT_RETURN_TYPE = YES_ERROR;
				GCC_WARN_UNDECLARED_SELECTOR = YES;
				GCC_WARN_UNINITIALIZED_AUTOS = YES_AGGRESSIVE;
				GCC_WARN_UNUSED_FUNCTION = YES;
				GCC_WARN_UNUSED_VARIABLE = YES;
				IPHONEOS_DEPLOYMENT_TARGET = 11.1;
				MTL_ENABLE_DEBUG_INFO = NO;
				SDKROOT = iphoneos;
				SWIFT_OPTIMIZATION_LEVEL = "-Owholemodule";
				VALIDATE_PRODUCT = YES;
			};
			name = Release;
		};
		688A226C1FB9E2800055401C /* Debug */ = {
			isa = XCBuildConfiguration;
			buildSettings = {
				ASSETCATALOG_COMPILER_APPICON_NAME = AppIcon;
				CODE_SIGN_STYLE = Automatic;
				DEVELOPMENT_TEAM = 5LH3ZH362W;
				INFOPLIST_FILE = BookCollector/Info.plist;
				IPHONEOS_DEPLOYMENT_TARGET = 10.0;
				LD_RUNPATH_SEARCH_PATHS = "$(inherited) @executable_path/Frameworks";
				PRODUCT_BUNDLE_IDENTIFIER = com.radoslav.BookCollector;
				PRODUCT_NAME = "$(TARGET_NAME)";
				SWIFT_VERSION = 4.0;
				TARGETED_DEVICE_FAMILY = "1,2";
			};
			name = Debug;
		};
		688A226D1FB9E2800055401C /* Release */ = {
			isa = XCBuildConfiguration;
			buildSettings = {
				ASSETCATALOG_COMPILER_APPICON_NAME = AppIcon;
				CODE_SIGN_STYLE = Automatic;
				DEVELOPMENT_TEAM = 5LH3ZH362W;
				INFOPLIST_FILE = BookCollector/Info.plist;
				IPHONEOS_DEPLOYMENT_TARGET = 10.0;
				LD_RUNPATH_SEARCH_PATHS = "$(inherited) @executable_path/Frameworks";
				PRODUCT_BUNDLE_IDENTIFIER = com.radoslav.BookCollector;
				PRODUCT_NAME = "$(TARGET_NAME)";
				SWIFT_VERSION = 4.0;
				TARGETED_DEVICE_FAMILY = "1,2";
			};
			name = Release;
		};
/* End XCBuildConfiguration section */

/* Begin XCConfigurationList section */
		688A22511FB9E2800055401C /* Build configuration list for PBXProject "BookCollector" */ = {
			isa = XCConfigurationList;
			buildConfigurations = (
				688A22691FB9E2800055401C /* Debug */,
				688A226A1FB9E2800055401C /* Release */,
			);
			defaultConfigurationIsVisible = 0;
			defaultConfigurationName = Release;
		};
		688A226B1FB9E2800055401C /* Build configuration list for PBXNativeTarget "BookCollector" */ = {
			isa = XCConfigurationList;
			buildConfigurations = (
				688A226C1FB9E2800055401C /* Debug */,
				688A226D1FB9E2800055401C /* Release */,
			);
			defaultConfigurationIsVisible = 0;
			defaultConfigurationName = Release;
		};
/* End XCConfigurationList section */

/* Begin XCVersionGroup section */
		688A22601FB9E2800055401C /* BookCollector.xcdatamodeld */ = {
			isa = XCVersionGroup;
			children = (
				688A22611FB9E2800055401C /* BookCollector.xcdatamodel */,
			);
			currentVersion = 688A22611FB9E2800055401C /* BookCollector.xcdatamodel */;
			path = BookCollector.xcdatamodeld;
			sourceTree = "<group>";
			versionGroupType = wrapper.xcdatamodel;
		};
/* End XCVersionGroup section */
	};
	rootObject = 688A224E1FB9E2800055401C /* Project object */;
}
